
Microsoft Visual Studio Solution File, Format Version 12.00
# Visual Studio Version 16
VisualStudioVersion = 16.0.29613.14
MinimumVisualStudioVersion = 10.0.40219.1
Project("{FAE04EC0-301F-11D3-BF4B-00C04F79EFBC}") = "bug_tracker", "bug_tracker.csproj", "{71026493-9267-47A1-84D3-98146E1F3052}"
EndProject
Global
	GlobalSection(SolutionConfigurationPlatforms) = preSolution
		Debug|Any CPU = Debug|Any CPU
		Release|Any CPU = Release|Any CPU
	EndGlobalSection
	GlobalSection(ProjectConfigurationPlatforms) = postSolution
		{71026493-9267-47A1-84D3-98146E1F3052}.Debug|Any CPU.ActiveCfg = Debug|Any CPU
		{71026493-9267-47A1-84D3-98146E1F3052}.Debug|Any CPU.Build.0 = Debug|Any CPU
		{71026493-9267-47A1-84D3-98146E1F3052}.Release|Any CPU.ActiveCfg = Release|Any CPU
		{71026493-9267-47A1-84D3-98146E1F3052}.Release|Any CPU.Build.0 = Release|Any CPU
	EndGlobalSection
	GlobalSection(SolutionProperties) = preSolution
		HideSolutionNode = FALSE
	EndGlobalSection
	GlobalSection(ExtensibilityGlobals) = postSolution
		SolutionGuid = {38160892-FEB5-420B-BE10-A56AFD975B8D}
	EndGlobalSection
EndGlobal
